
Microsoft Visual Studio Solution File, Format Version 12.00
# Visual Studio Version 17
VisualStudioVersion = 17.8.34330.188
MinimumVisualStudioVersion = 10.0.40219.1
Project("{9A19103F-16F7-4668-BE54-9A1E7A4F7556}") = "ApolloEtfPricesWebApi", "ApolloEtfPricesWebApi\ApolloEtfPricesWebApi.csproj", "{93EDCD23-2087-40BB-9787-1EE7711F6EF2}"
EndProject
Project("{9A19103F-16F7-4668-BE54-9A1E7A4F7556}") = "ApolloEtfInvestmentTracker", "ApolloEtfInvestmentTracker\ApolloEtfInvestmentTracker.csproj", "{20064389-CFA2-4089-A3E2-095ACA2D0E74}"
EndProject
Project("{9A19103F-16F7-4668-BE54-9A1E7A4F7556}") = "ApolloEtfPriceScrapper", "ApolloEtfPriceScrapper\ApolloEtfPriceScrapper.csproj", "{72FBF962-A44C-4E0E-A413-FE112F569F60}"
EndProject
Project("{FAE04EC0-301F-11D3-BF4B-00C04F79EFBC}") = "ApolloEtfPricesApiAccessLibrary", "ApolloEtfPricesApi\ApolloEtfPricesApiAccessLibrary.csproj", "{B270DF44-E497-45AF-8277-5D33EE2850EA}"
EndProject
Global
	GlobalSection(SolutionConfigurationPlatforms) = preSolution
		Debug|Any CPU = Debug|Any CPU
		Release|Any CPU = Release|Any CPU
	EndGlobalSection
	GlobalSection(ProjectConfigurationPlatforms) = postSolution
		{93EDCD23-2087-40BB-9787-1EE7711F6EF2}.Debug|Any CPU.ActiveCfg = Debug|Any CPU
		{93EDCD23-2087-40BB-9787-1EE7711F6EF2}.Debug|Any CPU.Build.0 = Debug|Any CPU
		{93EDCD23-2087-40BB-9787-1EE7711F6EF2}.Release|Any CPU.ActiveCfg = Release|Any CPU
		{93EDCD23-2087-40BB-9787-1EE7711F6EF2}.Release|Any CPU.Build.0 = Release|Any CPU
		{20064389-CFA2-4089-A3E2-095ACA2D0E74}.Debug|Any CPU.ActiveCfg = Debug|Any CPU
		{20064389-CFA2-4089-A3E2-095ACA2D0E74}.Debug|Any CPU.Build.0 = Debug|Any CPU
		{20064389-CFA2-4089-A3E2-095ACA2D0E74}.Debug|Any CPU.Deploy.0 = Debug|Any CPU
		{20064389-CFA2-4089-A3E2-095ACA2D0E74}.Release|Any CPU.ActiveCfg = Release|Any CPU
		{20064389-CFA2-4089-A3E2-095ACA2D0E74}.Release|Any CPU.Build.0 = Release|Any CPU
		{20064389-CFA2-4089-A3E2-095ACA2D0E74}.Release|Any CPU.Deploy.0 = Release|Any CPU
		{72FBF962-A44C-4E0E-A413-FE112F569F60}.Debug|Any CPU.ActiveCfg = Debug|Any CPU
		{72FBF962-A44C-4E0E-A413-FE112F569F60}.Debug|Any CPU.Build.0 = Debug|Any CPU
		{72FBF962-A44C-4E0E-A413-FE112F569F60}.Release|Any CPU.ActiveCfg = Release|Any CPU
		{72FBF962-A44C-4E0E-A413-FE112F569F60}.Release|Any CPU.Build.0 = Release|Any CPU
		{B270DF44-E497-45AF-8277-5D33EE2850EA}.Debug|Any CPU.ActiveCfg = Debug|Any CPU
		{B270DF44-E497-45AF-8277-5D33EE2850EA}.Debug|Any CPU.Build.0 = Debug|Any CPU
		{B270DF44-E497-45AF-8277-5D33EE2850EA}.Release|Any CPU.ActiveCfg = Release|Any CPU
		{B270DF44-E497-45AF-8277-5D33EE2850EA}.Release|Any CPU.Build.0 = Release|Any CPU
	EndGlobalSection
	GlobalSection(SolutionProperties) = preSolution
		HideSolutionNode = FALSE
	EndGlobalSection
	GlobalSection(ExtensibilityGlobals) = postSolution
		SolutionGuid = {3B4253EF-6FCD-4E03-8EE0-C3B99B31CC41}
	EndGlobalSection
EndGlobal
